
Microsoft Visual Studio Solution File, Format Version 12.00
# Visual Studio Version 17
VisualStudioVersion = 17.0.32112.339
MinimumVisualStudioVersion = 10.0.40219.1
Project("{9A19103F-16F7-4668-BE54-9A1E7A4F7556}") = "ServiceCreditRequest", "ServiceCreditRequest.csproj", "{50AF5B83-DEF2-4EEA-A7F6-B526D58D6A7C}"
EndProject
Project("{9A19103F-16F7-4668-BE54-9A1E7A4F7556}") = "CreditProjectRequestsModels", "..\CreditProjectRequestsModels\CreditProjectRequestsModels.csproj", "{E349D986-682B-45A4-8817-02BCAE711ADC}"
EndProject
Global
	GlobalSection(SolutionConfigurationPlatforms) = preSolution
		Debug|Any CPU = Debug|Any CPU
		Release|Any CPU = Release|Any CPU
	EndGlobalSection
	GlobalSection(ProjectConfigurationPlatforms) = postSolution
		{50AF5B83-DEF2-4EEA-A7F6-B526D58D6A7C}.Debug|Any CPU.ActiveCfg = Debug|Any CPU
		{50AF5B83-DEF2-4EEA-A7F6-B526D58D6A7C}.Debug|Any CPU.Build.0 = Debug|Any CPU
		{50AF5B83-DEF2-4EEA-A7F6-B526D58D6A7C}.Release|Any CPU.ActiveCfg = Release|Any CPU
		{50AF5B83-DEF2-4EEA-A7F6-B526D58D6A7C}.Release|Any CPU.Build.0 = Release|Any CPU
		{E349D986-682B-45A4-8817-02BCAE711ADC}.Debug|Any CPU.ActiveCfg = Debug|Any CPU
		{E349D986-682B-45A4-8817-02BCAE711ADC}.Debug|Any CPU.Build.0 = Debug|Any CPU
		{E349D986-682B-45A4-8817-02BCAE711ADC}.Release|Any CPU.ActiveCfg = Release|Any CPU
		{E349D986-682B-45A4-8817-02BCAE711ADC}.Release|Any CPU.Build.0 = Release|Any CPU
	EndGlobalSection
	GlobalSection(SolutionProperties) = preSolution
		HideSolutionNode = FALSE
	EndGlobalSection
	GlobalSection(ExtensibilityGlobals) = postSolution
		SolutionGuid = {24CEB56A-B9D6-4FAD-8426-77C75ADA860E}
	EndGlobalSection
EndGlobal
